
Microsoft Visual Studio Solution File, Format Version 12.00
# Visual Studio 15
VisualStudioVersion = 15.0.26730.3
MinimumVisualStudioVersion = 10.0.40219.1
Project("{FAE04EC0-301F-11D3-BF4B-00C04F79EFBC}") = "PackageShipper", "PackageShipper\PackageShipper.csproj", "{84D1CA43-2031-4709-9CE2-65104F110906}"
EndProject
Global
	GlobalSection(SolutionConfigurationPlatforms) = preSolution
		Debug|Any CPU = Debug|Any CPU
		Release|Any CPU = Release|Any CPU
	EndGlobalSection
	GlobalSection(ProjectConfigurationPlatforms) = postSolution
		{84D1CA43-2031-4709-9CE2-65104F110906}.Debug|Any CPU.ActiveCfg = Debug|Any CPU
		{84D1CA43-2031-4709-9CE2-65104F110906}.Debug|Any CPU.Build.0 = Debug|Any CPU
		{84D1CA43-2031-4709-9CE2-65104F110906}.Release|Any CPU.ActiveCfg = Release|Any CPU
		{84D1CA43-2031-4709-9CE2-65104F110906}.Release|Any CPU.Build.0 = Release|Any CPU
	EndGlobalSection
	GlobalSection(SolutionProperties) = preSolution
		HideSolutionNode = FALSE
	EndGlobalSection
	GlobalSection(ExtensibilityGlobals) = postSolution
		SolutionGuid = {AD23BD83-EB94-478E-9B61-C9DEC96D5A74}
	EndGlobalSection
EndGlobal
